
Microsoft Visual Studio Solution File, Format Version 12.00
Project("{FAE04EC0-301F-11D3-BF4B-00C04F79EFBC}") = "QL.Engine", "src\QL.Engine\QL.Engine.csproj", "{2358CFC4-BF61-4B0D-B814-C7E974BD20C0}"
EndProject
Project("{FAE04EC0-301F-11D3-BF4B-00C04F79EFBC}") = "QL.Parser", "src\QL.Parser\QL.Parser.csproj", "{C519FDD4-FC5B-4512-B305-ED17D3461989}"
EndProject
Project("{FAE04EC0-301F-11D3-BF4B-00C04F79EFBC}") = "QL.Actions", "src\QL.Actions\QL.Actions.csproj", "{4D0E4C76-55D5-47F4-81D7-291923600BE4}"
EndProject
Project("{2150E333-8FDC-42A3-9474-1A3956D46DE8}") = "src", "src", "{B92EBD5D-CB4A-4DDC-B5B5-53B20C5F8341}"
EndProject
Project("{2150E333-8FDC-42A3-9474-1A3956D46DE8}") = "tests", "tests", "{AF1F7919-4F58-404E-9B55-7F46F73E7B1B}"
EndProject
Project("{FAE04EC0-301F-11D3-BF4B-00C04F79EFBC}") = "QL.Parser.Tests", "tests\QL.Parser.Tests\QL.Parser.Tests.csproj", "{8F9A28AD-F72E-4E0C-93E1-754169A8F811}"
EndProject
Project("{FAE04EC0-301F-11D3-BF4B-00C04F79EFBC}") = "QL.Core", "src\QL.Core\QL.Core.csproj", "{019E1814-1AF7-43F8-864C-785638E94E28}"
EndProject
Project("{FAE04EC0-301F-11D3-BF4B-00C04F79EFBC}") = "QL.FieldTransforms", "src\QL.FieldTransforms\QL.FieldTransforms.csproj", "{BA3B52A3-F9FA-480E-890A-C6D58812BBDA}"
EndProject
Project("{FAE04EC0-301F-11D3-BF4B-00C04F79EFBC}") = "QL.Core.Tests", "tests\QL.Core.Tests\QL.Core.Tests.csproj", "{40AE9ABA-4143-43CC-B753-B54AED1A32A1}"
EndProject
Project("{FAE04EC0-301F-11D3-BF4B-00C04F79EFBC}") = "QL.FieldTransforms.Tests", "tests\QL.FieldTransforms.Tests\QL.FieldTransforms.Tests.csproj", "{83D15430-A2AF-4848-AD33-21D84F48D2A0}"
EndProject
Project("{FAE04EC0-301F-11D3-BF4B-00C04F79EFBC}") = "QL.Actions.Tests", "tests\QL.Actions.Tests\QL.Actions.Tests.csproj", "{DE8A5356-C744-4311-BDD9-227CAC38F27E}"
EndProject
Project("{FAE04EC0-301F-11D3-BF4B-00C04F79EFBC}") = "QL.Engine.Tests", "tests\QL.Engine.Tests\QL.Engine.Tests.csproj", "{3DD4DD5B-2FAA-4B23-A8A4-95098CBB121E}"
EndProject
Global
	GlobalSection(SolutionConfigurationPlatforms) = preSolution
		Debug|Any CPU = Debug|Any CPU
		Release|Any CPU = Release|Any CPU
	EndGlobalSection
	GlobalSection(ProjectConfigurationPlatforms) = postSolution
		{2358CFC4-BF61-4B0D-B814-C7E974BD20C0}.Debug|Any CPU.ActiveCfg = Debug|Any CPU
		{2358CFC4-BF61-4B0D-B814-C7E974BD20C0}.Debug|Any CPU.Build.0 = Debug|Any CPU
		{2358CFC4-BF61-4B0D-B814-C7E974BD20C0}.Release|Any CPU.ActiveCfg = Release|Any CPU
		{2358CFC4-BF61-4B0D-B814-C7E974BD20C0}.Release|Any CPU.Build.0 = Release|Any CPU
		{C519FDD4-FC5B-4512-B305-ED17D3461989}.Debug|Any CPU.ActiveCfg = Debug|Any CPU
		{C519FDD4-FC5B-4512-B305-ED17D3461989}.Debug|Any CPU.Build.0 = Debug|Any CPU
		{C519FDD4-FC5B-4512-B305-ED17D3461989}.Release|Any CPU.ActiveCfg = Release|Any CPU
		{C519FDD4-FC5B-4512-B305-ED17D3461989}.Release|Any CPU.Build.0 = Release|Any CPU
		{4D0E4C76-55D5-47F4-81D7-291923600BE4}.Debug|Any CPU.ActiveCfg = Debug|Any CPU
		{4D0E4C76-55D5-47F4-81D7-291923600BE4}.Debug|Any CPU.Build.0 = Debug|Any CPU
		{4D0E4C76-55D5-47F4-81D7-291923600BE4}.Release|Any CPU.ActiveCfg = Release|Any CPU
		{4D0E4C76-55D5-47F4-81D7-291923600BE4}.Release|Any CPU.Build.0 = Release|Any CPU
		{8F9A28AD-F72E-4E0C-93E1-754169A8F811}.Debug|Any CPU.ActiveCfg = Debug|Any CPU
		{8F9A28AD-F72E-4E0C-93E1-754169A8F811}.Debug|Any CPU.Build.0 = Debug|Any CPU
		{8F9A28AD-F72E-4E0C-93E1-754169A8F811}.Release|Any CPU.ActiveCfg = Release|Any CPU
		{8F9A28AD-F72E-4E0C-93E1-754169A8F811}.Release|Any CPU.Build.0 = Release|Any CPU
		{019E1814-1AF7-43F8-864C-785638E94E28}.Debug|Any CPU.ActiveCfg = Debug|Any CPU
		{019E1814-1AF7-43F8-864C-785638E94E28}.Debug|Any CPU.Build.0 = Debug|Any CPU
		{019E1814-1AF7-43F8-864C-785638E94E28}.Release|Any CPU.ActiveCfg = Release|Any CPU
		{019E1814-1AF7-43F8-864C-785638E94E28}.Release|Any CPU.Build.0 = Release|Any CPU
		{BA3B52A3-F9FA-480E-890A-C6D58812BBDA}.Debug|Any CPU.ActiveCfg = Debug|Any CPU
		{BA3B52A3-F9FA-480E-890A-C6D58812BBDA}.Debug|Any CPU.Build.0 = Debug|Any CPU
		{BA3B52A3-F9FA-480E-890A-C6D58812BBDA}.Release|Any CPU.ActiveCfg = Release|Any CPU
		{BA3B52A3-F9FA-480E-890A-C6D58812BBDA}.Release|Any CPU.Build.0 = Release|Any CPU
		{40AE9ABA-4143-43CC-B753-B54AED1A32A1}.Debug|Any CPU.ActiveCfg = Debug|Any CPU
		{40AE9ABA-4143-43CC-B753-B54AED1A32A1}.Debug|Any CPU.Build.0 = Debug|Any CPU
		{40AE9ABA-4143-43CC-B753-B54AED1A32A1}.Release|Any CPU.ActiveCfg = Release|Any CPU
		{40AE9ABA-4143-43CC-B753-B54AED1A32A1}.Release|Any CPU.Build.0 = Release|Any CPU
		{83D15430-A2AF-4848-AD33-21D84F48D2A0}.Debug|Any CPU.ActiveCfg = Debug|Any CPU
		{83D15430-A2AF-4848-AD33-21D84F48D2A0}.Debug|Any CPU.Build.0 = Debug|Any CPU
		{83D15430-A2AF-4848-AD33-21D84F48D2A0}.Release|Any CPU.ActiveCfg = Release|Any CPU
		{83D15430-A2AF-4848-AD33-21D84F48D2A0}.Release|Any CPU.Build.0 = Release|Any CPU
		{DE8A5356-C744-4311-BDD9-227CAC38F27E}.Debug|Any CPU.ActiveCfg = Debug|Any CPU
		{DE8A5356-C744-4311-BDD9-227CAC38F27E}.Debug|Any CPU.Build.0 = Debug|Any CPU
		{DE8A5356-C744-4311-BDD9-227CAC38F27E}.Release|Any CPU.ActiveCfg = Release|Any CPU
		{DE8A5356-C744-4311-BDD9-227CAC38F27E}.Release|Any CPU.Build.0 = Release|Any CPU
		{3DD4DD5B-2FAA-4B23-A8A4-95098CBB121E}.Debug|Any CPU.ActiveCfg = Debug|Any CPU
		{3DD4DD5B-2FAA-4B23-A8A4-95098CBB121E}.Debug|Any CPU.Build.0 = Debug|Any CPU
		{3DD4DD5B-2FAA-4B23-A8A4-95098CBB121E}.Release|Any CPU.ActiveCfg = Release|Any CPU
		{3DD4DD5B-2FAA-4B23-A8A4-95098CBB121E}.Release|Any CPU.Build.0 = Release|Any CPU
	EndGlobalSection
	GlobalSection(NestedProjects) = preSolution
		{4D0E4C76-55D5-47F4-81D7-291923600BE4} = {B92EBD5D-CB4A-4DDC-B5B5-53B20C5F8341}
		{C519FDD4-FC5B-4512-B305-ED17D3461989} = {B92EBD5D-CB4A-4DDC-B5B5-53B20C5F8341}
		{2358CFC4-BF61-4B0D-B814-C7E974BD20C0} = {B92EBD5D-CB4A-4DDC-B5B5-53B20C5F8341}
		{8F9A28AD-F72E-4E0C-93E1-754169A8F811} = {AF1F7919-4F58-404E-9B55-7F46F73E7B1B}
		{019E1814-1AF7-43F8-864C-785638E94E28} = {B92EBD5D-CB4A-4DDC-B5B5-53B20C5F8341}
		{BA3B52A3-F9FA-480E-890A-C6D58812BBDA} = {B92EBD5D-CB4A-4DDC-B5B5-53B20C5F8341}
		{40AE9ABA-4143-43CC-B753-B54AED1A32A1} = {AF1F7919-4F58-404E-9B55-7F46F73E7B1B}
		{83D15430-A2AF-4848-AD33-21D84F48D2A0} = {AF1F7919-4F58-404E-9B55-7F46F73E7B1B}
		{DE8A5356-C744-4311-BDD9-227CAC38F27E} = {AF1F7919-4F58-404E-9B55-7F46F73E7B1B}
		{3DD4DD5B-2FAA-4B23-A8A4-95098CBB121E} = {AF1F7919-4F58-404E-9B55-7F46F73E7B1B}
	EndGlobalSection
EndGlobal
