
Microsoft Visual Studio Solution File, Format Version 12.00
Project("{FAE04EC0-301F-11D3-BF4B-00C04F79EFBC}") = "QL.Shell", "src\QL.Shell\QL.Shell.csproj", "{2358CFC4-BF61-4B0D-B814-C7E974BD20C0}"
EndProject
Project("{FAE04EC0-301F-11D3-BF4B-00C04F79EFBC}") = "QL.Parser", "src\QL.Parser\QL.Parser.csproj", "{C519FDD4-FC5B-4512-B305-ED17D3461989}"
EndProject
Project("{FAE04EC0-301F-11D3-BF4B-00C04F79EFBC}") = "QL.Actions", "src\QL.Actions\QL.Actions.csproj", "{4D0E4C76-55D5-47F4-81D7-291923600BE4}"
EndProject
Project("{2150E333-8FDC-42A3-9474-1A3956D46DE8}") = "src", "src", "{B92EBD5D-CB4A-4DDC-B5B5-53B20C5F8341}"
EndProject
Project("{2150E333-8FDC-42A3-9474-1A3956D46DE8}") = "tests", "tests", "{AF1F7919-4F58-404E-9B55-7F46F73E7B1B}"
EndProject
Global
	GlobalSection(SolutionConfigurationPlatforms) = preSolution
		Debug|Any CPU = Debug|Any CPU
		Release|Any CPU = Release|Any CPU
	EndGlobalSection
	GlobalSection(ProjectConfigurationPlatforms) = postSolution
		{2358CFC4-BF61-4B0D-B814-C7E974BD20C0}.Debug|Any CPU.ActiveCfg = Debug|Any CPU
		{2358CFC4-BF61-4B0D-B814-C7E974BD20C0}.Debug|Any CPU.Build.0 = Debug|Any CPU
		{2358CFC4-BF61-4B0D-B814-C7E974BD20C0}.Release|Any CPU.ActiveCfg = Release|Any CPU
		{2358CFC4-BF61-4B0D-B814-C7E974BD20C0}.Release|Any CPU.Build.0 = Release|Any CPU
		{C519FDD4-FC5B-4512-B305-ED17D3461989}.Debug|Any CPU.ActiveCfg = Debug|Any CPU
		{C519FDD4-FC5B-4512-B305-ED17D3461989}.Debug|Any CPU.Build.0 = Debug|Any CPU
		{C519FDD4-FC5B-4512-B305-ED17D3461989}.Release|Any CPU.ActiveCfg = Release|Any CPU
		{C519FDD4-FC5B-4512-B305-ED17D3461989}.Release|Any CPU.Build.0 = Release|Any CPU
		{4D0E4C76-55D5-47F4-81D7-291923600BE4}.Debug|Any CPU.ActiveCfg = Debug|Any CPU
		{4D0E4C76-55D5-47F4-81D7-291923600BE4}.Debug|Any CPU.Build.0 = Debug|Any CPU
		{4D0E4C76-55D5-47F4-81D7-291923600BE4}.Release|Any CPU.ActiveCfg = Release|Any CPU
		{4D0E4C76-55D5-47F4-81D7-291923600BE4}.Release|Any CPU.Build.0 = Release|Any CPU
	EndGlobalSection
	GlobalSection(NestedProjects) = preSolution
		{4D0E4C76-55D5-47F4-81D7-291923600BE4} = {B92EBD5D-CB4A-4DDC-B5B5-53B20C5F8341}
		{C519FDD4-FC5B-4512-B305-ED17D3461989} = {B92EBD5D-CB4A-4DDC-B5B5-53B20C5F8341}
		{2358CFC4-BF61-4B0D-B814-C7E974BD20C0} = {B92EBD5D-CB4A-4DDC-B5B5-53B20C5F8341}
	EndGlobalSection
EndGlobal
